
Microsoft Visual Studio Solution File, Format Version 12.00
# Visual Studio 15
VisualStudioVersion = 15.0.26430.14
MinimumVisualStudioVersion = 10.0.40219.1
Project("{FAE04EC0-301F-11D3-BF4B-00C04F79EFBC}") = "SmartClass", "SmartClass\SmartClass.csproj", "{A2FF6307-64A5-4F32-BB81-7FF3AE734845}"
EndProject
Project("{FAE04EC0-301F-11D3-BF4B-00C04F79EFBC}") = "Common", "Common\Common.csproj", "{EC2CD3EE-9336-4A83-BCA6-481FFDC64E2A}"
EndProject
Project("{FAE04EC0-301F-11D3-BF4B-00C04F79EFBC}") = "SignalDemo", "SignalDemo\SignalDemo.csproj", "{AB57953E-64E2-4CFA-81AF-CD3FD3E1FB5E}"
EndProject
Project("{FAE04EC0-301F-11D3-BF4B-00C04F79EFBC}") = "Test", "Test\Test.csproj", "{45428AEB-4308-4273-87D4-1886E50FB021}"
EndProject
Project("{2150E333-8FDC-42A3-9474-1A3956D46DE8}") = "TestDemo", "TestDemo", "{67A4517A-BED9-4228-9409-DC604773F67C}"
EndProject
Project("{FAE04EC0-301F-11D3-BF4B-00C04F79EFBC}") = "NLogDemo", "NLogDemo\NLogDemo.csproj", "{9943A920-0945-49C2-BD98-5BC6E375E64D}"
EndProject
Project("{FAE04EC0-301F-11D3-BF4B-00C04F79EFBC}") = "AutofacDemo", "AutofacDemo\AutofacDemo.csproj", "{F4CC75A1-DA85-4A2E-AADC-76D8AC33844C}"
EndProject
Project("{FAE04EC0-301F-11D3-BF4B-00C04F79EFBC}") = "BLL", "BLL\BLL.csproj", "{9A6CF352-6D3A-4CE1-8581-2F02038C3273}"
EndProject
Project("{FAE04EC0-301F-11D3-BF4B-00C04F79EFBC}") = "DAL", "DAL\DAL.csproj", "{6BF3A4E3-1ADC-490D-9D51-0189A3460AFD}"
EndProject
Project("{FAE04EC0-301F-11D3-BF4B-00C04F79EFBC}") = "ILogHelper", "ILogHelper\ILogHelper.csproj", "{23A43DCD-8702-4A54-88C2-91A709DEF701}"
EndProject
Project("{FAE04EC0-301F-11D3-BF4B-00C04F79EFBC}") = "DapperDemo", "DapperDemo\DapperDemo.csproj", "{FEBB81EB-4423-4261-83F8-9AED79FDC1A6}"
EndProject
Project("{9A19103F-16F7-4668-BE54-9A1E7A4F7556}") = "Dapper", "C:\Users\Mypc\Desktop\Dapper-master\Dapper\Dapper.csproj", "{E7DA30CD-2B72-402C-9A8C-546D3AB18437}"
EndProject
Project("{FAE04EC0-301F-11D3-BF4B-00C04F79EFBC}") = "Model", "Model\Model.csproj", "{3A8EAF98-646B-4E40-89F1-C22FD84EDE28}"
EndProject
Project("{FAE04EC0-301F-11D3-BF4B-00C04F79EFBC}") = "DALFactory", "DALFactory\DALFactory.csproj", "{9FD32AB5-F1B9-4EF6-8F81-193A6B93559C}"
EndProject
Project("{FAE04EC0-301F-11D3-BF4B-00C04F79EFBC}") = "IDAL", "IDAL\IDAL.csproj", "{9926E5F0-F5BC-48C4-B844-BD5155BE5647}"
EndProject
Project("{FAE04EC0-301F-11D3-BF4B-00C04F79EFBC}") = "IBLL", "IBLL\IBLL.csproj", "{ED50B4A1-6E53-42E9-9C75-5587978280C6}"
EndProject
Project("{2150E333-8FDC-42A3-9474-1A3956D46DE8}") = "SmartDAl", "SmartDAl", "{9D9EE6B5-6DA4-4E24-9BB2-A73B5B793C86}"
EndProject
Project("{2150E333-8FDC-42A3-9474-1A3956D46DE8}") = "SmartBLL", "SmartBLL", "{5AA9BAB6-3369-4752-B834-B6923B4A9ED0}"
EndProject
Project("{FAE04EC0-301F-11D3-BF4B-00C04F79EFBC}") = "DatetimeDemo", "DatetimeDemo\DatetimeDemo.csproj", "{5463332E-13F9-4C2C-9543-00DEAE76C391}"
EndProject
Global
	GlobalSection(SolutionConfigurationPlatforms) = preSolution
		Debug|Any CPU = Debug|Any CPU
		Release|Any CPU = Release|Any CPU
	EndGlobalSection
	GlobalSection(ProjectConfigurationPlatforms) = postSolution
		{A2FF6307-64A5-4F32-BB81-7FF3AE734845}.Debug|Any CPU.ActiveCfg = Debug|Any CPU
		{A2FF6307-64A5-4F32-BB81-7FF3AE734845}.Debug|Any CPU.Build.0 = Debug|Any CPU
		{A2FF6307-64A5-4F32-BB81-7FF3AE734845}.Release|Any CPU.ActiveCfg = Release|Any CPU
		{A2FF6307-64A5-4F32-BB81-7FF3AE734845}.Release|Any CPU.Build.0 = Release|Any CPU
		{EC2CD3EE-9336-4A83-BCA6-481FFDC64E2A}.Debug|Any CPU.ActiveCfg = Debug|Any CPU
		{EC2CD3EE-9336-4A83-BCA6-481FFDC64E2A}.Debug|Any CPU.Build.0 = Debug|Any CPU
		{EC2CD3EE-9336-4A83-BCA6-481FFDC64E2A}.Release|Any CPU.ActiveCfg = Release|Any CPU
		{EC2CD3EE-9336-4A83-BCA6-481FFDC64E2A}.Release|Any CPU.Build.0 = Release|Any CPU
		{AB57953E-64E2-4CFA-81AF-CD3FD3E1FB5E}.Debug|Any CPU.ActiveCfg = Debug|Any CPU
		{AB57953E-64E2-4CFA-81AF-CD3FD3E1FB5E}.Debug|Any CPU.Build.0 = Debug|Any CPU
		{AB57953E-64E2-4CFA-81AF-CD3FD3E1FB5E}.Release|Any CPU.ActiveCfg = Release|Any CPU
		{AB57953E-64E2-4CFA-81AF-CD3FD3E1FB5E}.Release|Any CPU.Build.0 = Release|Any CPU
		{45428AEB-4308-4273-87D4-1886E50FB021}.Debug|Any CPU.ActiveCfg = Debug|Any CPU
		{45428AEB-4308-4273-87D4-1886E50FB021}.Debug|Any CPU.Build.0 = Debug|Any CPU
		{45428AEB-4308-4273-87D4-1886E50FB021}.Release|Any CPU.ActiveCfg = Release|Any CPU
		{45428AEB-4308-4273-87D4-1886E50FB021}.Release|Any CPU.Build.0 = Release|Any CPU
		{9943A920-0945-49C2-BD98-5BC6E375E64D}.Debug|Any CPU.ActiveCfg = Debug|Any CPU
		{9943A920-0945-49C2-BD98-5BC6E375E64D}.Debug|Any CPU.Build.0 = Debug|Any CPU
		{9943A920-0945-49C2-BD98-5BC6E375E64D}.Release|Any CPU.ActiveCfg = Release|Any CPU
		{9943A920-0945-49C2-BD98-5BC6E375E64D}.Release|Any CPU.Build.0 = Release|Any CPU
		{F4CC75A1-DA85-4A2E-AADC-76D8AC33844C}.Debug|Any CPU.ActiveCfg = Debug|Any CPU
		{F4CC75A1-DA85-4A2E-AADC-76D8AC33844C}.Debug|Any CPU.Build.0 = Debug|Any CPU
		{F4CC75A1-DA85-4A2E-AADC-76D8AC33844C}.Release|Any CPU.ActiveCfg = Release|Any CPU
		{F4CC75A1-DA85-4A2E-AADC-76D8AC33844C}.Release|Any CPU.Build.0 = Release|Any CPU
		{9A6CF352-6D3A-4CE1-8581-2F02038C3273}.Debug|Any CPU.ActiveCfg = Debug|Any CPU
		{9A6CF352-6D3A-4CE1-8581-2F02038C3273}.Debug|Any CPU.Build.0 = Debug|Any CPU
		{9A6CF352-6D3A-4CE1-8581-2F02038C3273}.Release|Any CPU.ActiveCfg = Release|Any CPU
		{9A6CF352-6D3A-4CE1-8581-2F02038C3273}.Release|Any CPU.Build.0 = Release|Any CPU
		{6BF3A4E3-1ADC-490D-9D51-0189A3460AFD}.Debug|Any CPU.ActiveCfg = Debug|Any CPU
		{6BF3A4E3-1ADC-490D-9D51-0189A3460AFD}.Debug|Any CPU.Build.0 = Debug|Any CPU
		{6BF3A4E3-1ADC-490D-9D51-0189A3460AFD}.Release|Any CPU.ActiveCfg = Release|Any CPU
		{6BF3A4E3-1ADC-490D-9D51-0189A3460AFD}.Release|Any CPU.Build.0 = Release|Any CPU
		{23A43DCD-8702-4A54-88C2-91A709DEF701}.Debug|Any CPU.ActiveCfg = Debug|Any CPU
		{23A43DCD-8702-4A54-88C2-91A709DEF701}.Debug|Any CPU.Build.0 = Debug|Any CPU
		{23A43DCD-8702-4A54-88C2-91A709DEF701}.Release|Any CPU.ActiveCfg = Release|Any CPU
		{23A43DCD-8702-4A54-88C2-91A709DEF701}.Release|Any CPU.Build.0 = Release|Any CPU
		{FEBB81EB-4423-4261-83F8-9AED79FDC1A6}.Debug|Any CPU.ActiveCfg = Debug|Any CPU
		{FEBB81EB-4423-4261-83F8-9AED79FDC1A6}.Debug|Any CPU.Build.0 = Debug|Any CPU
		{FEBB81EB-4423-4261-83F8-9AED79FDC1A6}.Release|Any CPU.ActiveCfg = Release|Any CPU
		{FEBB81EB-4423-4261-83F8-9AED79FDC1A6}.Release|Any CPU.Build.0 = Release|Any CPU
		{E7DA30CD-2B72-402C-9A8C-546D3AB18437}.Debug|Any CPU.ActiveCfg = Debug|Any CPU
		{E7DA30CD-2B72-402C-9A8C-546D3AB18437}.Debug|Any CPU.Build.0 = Debug|Any CPU
		{E7DA30CD-2B72-402C-9A8C-546D3AB18437}.Release|Any CPU.ActiveCfg = Release|Any CPU
		{E7DA30CD-2B72-402C-9A8C-546D3AB18437}.Release|Any CPU.Build.0 = Release|Any CPU
		{3A8EAF98-646B-4E40-89F1-C22FD84EDE28}.Debug|Any CPU.ActiveCfg = Debug|Any CPU
		{3A8EAF98-646B-4E40-89F1-C22FD84EDE28}.Debug|Any CPU.Build.0 = Debug|Any CPU
		{3A8EAF98-646B-4E40-89F1-C22FD84EDE28}.Release|Any CPU.ActiveCfg = Release|Any CPU
		{3A8EAF98-646B-4E40-89F1-C22FD84EDE28}.Release|Any CPU.Build.0 = Release|Any CPU
		{9FD32AB5-F1B9-4EF6-8F81-193A6B93559C}.Debug|Any CPU.ActiveCfg = Debug|Any CPU
		{9FD32AB5-F1B9-4EF6-8F81-193A6B93559C}.Debug|Any CPU.Build.0 = Debug|Any CPU
		{9FD32AB5-F1B9-4EF6-8F81-193A6B93559C}.Release|Any CPU.ActiveCfg = Release|Any CPU
		{9FD32AB5-F1B9-4EF6-8F81-193A6B93559C}.Release|Any CPU.Build.0 = Release|Any CPU
		{9926E5F0-F5BC-48C4-B844-BD5155BE5647}.Debug|Any CPU.ActiveCfg = Debug|Any CPU
		{9926E5F0-F5BC-48C4-B844-BD5155BE5647}.Debug|Any CPU.Build.0 = Debug|Any CPU
		{9926E5F0-F5BC-48C4-B844-BD5155BE5647}.Release|Any CPU.ActiveCfg = Release|Any CPU
		{9926E5F0-F5BC-48C4-B844-BD5155BE5647}.Release|Any CPU.Build.0 = Release|Any CPU
		{ED50B4A1-6E53-42E9-9C75-5587978280C6}.Debug|Any CPU.ActiveCfg = Debug|Any CPU
		{ED50B4A1-6E53-42E9-9C75-5587978280C6}.Debug|Any CPU.Build.0 = Debug|Any CPU
		{ED50B4A1-6E53-42E9-9C75-5587978280C6}.Release|Any CPU.ActiveCfg = Release|Any CPU
		{ED50B4A1-6E53-42E9-9C75-5587978280C6}.Release|Any CPU.Build.0 = Release|Any CPU
		{5463332E-13F9-4C2C-9543-00DEAE76C391}.Debug|Any CPU.ActiveCfg = Debug|Any CPU
		{5463332E-13F9-4C2C-9543-00DEAE76C391}.Debug|Any CPU.Build.0 = Debug|Any CPU
		{5463332E-13F9-4C2C-9543-00DEAE76C391}.Release|Any CPU.ActiveCfg = Release|Any CPU
		{5463332E-13F9-4C2C-9543-00DEAE76C391}.Release|Any CPU.Build.0 = Release|Any CPU
	EndGlobalSection
	GlobalSection(SolutionProperties) = preSolution
		HideSolutionNode = FALSE
	EndGlobalSection
	GlobalSection(NestedProjects) = preSolution
		{AB57953E-64E2-4CFA-81AF-CD3FD3E1FB5E} = {67A4517A-BED9-4228-9409-DC604773F67C}
		{45428AEB-4308-4273-87D4-1886E50FB021} = {67A4517A-BED9-4228-9409-DC604773F67C}
		{9943A920-0945-49C2-BD98-5BC6E375E64D} = {67A4517A-BED9-4228-9409-DC604773F67C}
		{F4CC75A1-DA85-4A2E-AADC-76D8AC33844C} = {67A4517A-BED9-4228-9409-DC604773F67C}
		{9A6CF352-6D3A-4CE1-8581-2F02038C3273} = {5AA9BAB6-3369-4752-B834-B6923B4A9ED0}
		{6BF3A4E3-1ADC-490D-9D51-0189A3460AFD} = {9D9EE6B5-6DA4-4E24-9BB2-A73B5B793C86}
		{23A43DCD-8702-4A54-88C2-91A709DEF701} = {67A4517A-BED9-4228-9409-DC604773F67C}
		{FEBB81EB-4423-4261-83F8-9AED79FDC1A6} = {67A4517A-BED9-4228-9409-DC604773F67C}
		{E7DA30CD-2B72-402C-9A8C-546D3AB18437} = {67A4517A-BED9-4228-9409-DC604773F67C}
		{9FD32AB5-F1B9-4EF6-8F81-193A6B93559C} = {9D9EE6B5-6DA4-4E24-9BB2-A73B5B793C86}
		{9926E5F0-F5BC-48C4-B844-BD5155BE5647} = {9D9EE6B5-6DA4-4E24-9BB2-A73B5B793C86}
		{ED50B4A1-6E53-42E9-9C75-5587978280C6} = {5AA9BAB6-3369-4752-B834-B6923B4A9ED0}
		{5463332E-13F9-4C2C-9543-00DEAE76C391} = {67A4517A-BED9-4228-9409-DC604773F67C}
	EndGlobalSection
EndGlobal
