
Microsoft Visual Studio Solution File, Format Version 12.00
# Visual Studio 15
VisualStudioVersion = 15.0.26430.14
MinimumVisualStudioVersion = 10.0.40219.1
Project("{FAE04EC0-301F-11D3-BF4B-00C04F79EFBC}") = "SmartClass", "SmartClass\SmartClass.csproj", "{A2FF6307-64A5-4F32-BB81-7FF3AE734845}"
EndProject
Project("{FAE04EC0-301F-11D3-BF4B-00C04F79EFBC}") = "SmartClass.Infrastructure", "Common\SmartClass.Infrastructure.csproj", "{EC2CD3EE-9336-4A83-BCA6-481FFDC64E2A}"
EndProject
Project("{FAE04EC0-301F-11D3-BF4B-00C04F79EFBC}") = "SmartClass.Service", "Service\SmartClass.Service.csproj", "{9A6CF352-6D3A-4CE1-8581-2F02038C3273}"
EndProject
Project("{FAE04EC0-301F-11D3-BF4B-00C04F79EFBC}") = "SmartClass.Repository", "Repository\SmartClass.Repository.csproj", "{6BF3A4E3-1ADC-490D-9D51-0189A3460AFD}"
EndProject
Project("{FAE04EC0-301F-11D3-BF4B-00C04F79EFBC}") = "Model", "Model\Model.csproj", "{3A8EAF98-646B-4E40-89F1-C22FD84EDE28}"
EndProject
Project("{FAE04EC0-301F-11D3-BF4B-00C04F79EFBC}") = "SmartClass.IRepository", "IRepository\SmartClass.IRepository.csproj", "{9926E5F0-F5BC-48C4-B844-BD5155BE5647}"
EndProject
Project("{FAE04EC0-301F-11D3-BF4B-00C04F79EFBC}") = "SmartClass.IService", "IService\SmartClass.IService.csproj", "{ED50B4A1-6E53-42E9-9C75-5587978280C6}"
EndProject
Project("{2150E333-8FDC-42A3-9474-1A3956D46DE8}") = "SmartClass.Domain", "SmartClass.Domain", "{9D9EE6B5-6DA4-4E24-9BB2-A73B5B793C86}"
EndProject
Project("{2150E333-8FDC-42A3-9474-1A3956D46DE8}") = "SmartClass.Application", "SmartClass.Application", "{5AA9BAB6-3369-4752-B834-B6923B4A9ED0}"
EndProject
Project("{FAE04EC0-301F-11D3-BF4B-00C04F79EFBC}") = "SmartClassControl", "SmartClassControl\SmartClassControl.csproj", "{9CA77BA3-433A-46BE-BE3C-0DED907C5D2C}"
EndProject
Project("{FAE04EC0-301F-11D3-BF4B-00C04F79EFBC}") = "Test", "Test\Test.csproj", "{3D9C16E8-AF6F-4716-99D2-B88554D924C7}"
EndProject
Project("{2150E333-8FDC-42A3-9474-1A3956D46DE8}") = "SmartClass.Infrastructure", "SmartClass.Infrastructure", "{8BD53747-8FFE-4919-B4E6-41F23D77E80A}"
EndProject
Project("{2150E333-8FDC-42A3-9474-1A3956D46DE8}") = "SmartClass.Web", "SmartClass.Web", "{ECFA4C5B-1C7C-40FC-AAC4-012DBDB554E4}"
EndProject
Global
	GlobalSection(SolutionConfigurationPlatforms) = preSolution
		Debug|Any CPU = Debug|Any CPU
		Release|Any CPU = Release|Any CPU
	EndGlobalSection
	GlobalSection(ProjectConfigurationPlatforms) = postSolution
		{A2FF6307-64A5-4F32-BB81-7FF3AE734845}.Debug|Any CPU.ActiveCfg = Debug|Any CPU
		{A2FF6307-64A5-4F32-BB81-7FF3AE734845}.Debug|Any CPU.Build.0 = Debug|Any CPU
		{A2FF6307-64A5-4F32-BB81-7FF3AE734845}.Release|Any CPU.ActiveCfg = Release|Any CPU
		{A2FF6307-64A5-4F32-BB81-7FF3AE734845}.Release|Any CPU.Build.0 = Release|Any CPU
		{EC2CD3EE-9336-4A83-BCA6-481FFDC64E2A}.Debug|Any CPU.ActiveCfg = Debug|Any CPU
		{EC2CD3EE-9336-4A83-BCA6-481FFDC64E2A}.Debug|Any CPU.Build.0 = Debug|Any CPU
		{EC2CD3EE-9336-4A83-BCA6-481FFDC64E2A}.Release|Any CPU.ActiveCfg = Release|Any CPU
		{EC2CD3EE-9336-4A83-BCA6-481FFDC64E2A}.Release|Any CPU.Build.0 = Release|Any CPU
		{9A6CF352-6D3A-4CE1-8581-2F02038C3273}.Debug|Any CPU.ActiveCfg = Debug|Any CPU
		{9A6CF352-6D3A-4CE1-8581-2F02038C3273}.Debug|Any CPU.Build.0 = Debug|Any CPU
		{9A6CF352-6D3A-4CE1-8581-2F02038C3273}.Release|Any CPU.ActiveCfg = Release|Any CPU
		{9A6CF352-6D3A-4CE1-8581-2F02038C3273}.Release|Any CPU.Build.0 = Release|Any CPU
		{6BF3A4E3-1ADC-490D-9D51-0189A3460AFD}.Debug|Any CPU.ActiveCfg = Debug|Any CPU
		{6BF3A4E3-1ADC-490D-9D51-0189A3460AFD}.Debug|Any CPU.Build.0 = Debug|Any CPU
		{6BF3A4E3-1ADC-490D-9D51-0189A3460AFD}.Release|Any CPU.ActiveCfg = Release|Any CPU
		{6BF3A4E3-1ADC-490D-9D51-0189A3460AFD}.Release|Any CPU.Build.0 = Release|Any CPU
		{3A8EAF98-646B-4E40-89F1-C22FD84EDE28}.Debug|Any CPU.ActiveCfg = Debug|Any CPU
		{3A8EAF98-646B-4E40-89F1-C22FD84EDE28}.Debug|Any CPU.Build.0 = Debug|Any CPU
		{3A8EAF98-646B-4E40-89F1-C22FD84EDE28}.Release|Any CPU.ActiveCfg = Release|Any CPU
		{3A8EAF98-646B-4E40-89F1-C22FD84EDE28}.Release|Any CPU.Build.0 = Release|Any CPU
		{9926E5F0-F5BC-48C4-B844-BD5155BE5647}.Debug|Any CPU.ActiveCfg = Debug|Any CPU
		{9926E5F0-F5BC-48C4-B844-BD5155BE5647}.Debug|Any CPU.Build.0 = Debug|Any CPU
		{9926E5F0-F5BC-48C4-B844-BD5155BE5647}.Release|Any CPU.ActiveCfg = Release|Any CPU
		{9926E5F0-F5BC-48C4-B844-BD5155BE5647}.Release|Any CPU.Build.0 = Release|Any CPU
		{ED50B4A1-6E53-42E9-9C75-5587978280C6}.Debug|Any CPU.ActiveCfg = Debug|Any CPU
		{ED50B4A1-6E53-42E9-9C75-5587978280C6}.Debug|Any CPU.Build.0 = Debug|Any CPU
		{ED50B4A1-6E53-42E9-9C75-5587978280C6}.Release|Any CPU.ActiveCfg = Release|Any CPU
		{ED50B4A1-6E53-42E9-9C75-5587978280C6}.Release|Any CPU.Build.0 = Release|Any CPU
		{9CA77BA3-433A-46BE-BE3C-0DED907C5D2C}.Debug|Any CPU.ActiveCfg = Debug|Any CPU
		{9CA77BA3-433A-46BE-BE3C-0DED907C5D2C}.Debug|Any CPU.Build.0 = Debug|Any CPU
		{9CA77BA3-433A-46BE-BE3C-0DED907C5D2C}.Release|Any CPU.ActiveCfg = Release|Any CPU
		{9CA77BA3-433A-46BE-BE3C-0DED907C5D2C}.Release|Any CPU.Build.0 = Release|Any CPU
		{3D9C16E8-AF6F-4716-99D2-B88554D924C7}.Debug|Any CPU.ActiveCfg = Debug|Any CPU
		{3D9C16E8-AF6F-4716-99D2-B88554D924C7}.Debug|Any CPU.Build.0 = Debug|Any CPU
		{3D9C16E8-AF6F-4716-99D2-B88554D924C7}.Release|Any CPU.ActiveCfg = Release|Any CPU
		{3D9C16E8-AF6F-4716-99D2-B88554D924C7}.Release|Any CPU.Build.0 = Release|Any CPU
	EndGlobalSection
	GlobalSection(SolutionProperties) = preSolution
		HideSolutionNode = FALSE
	EndGlobalSection
	GlobalSection(NestedProjects) = preSolution
		{A2FF6307-64A5-4F32-BB81-7FF3AE734845} = {ECFA4C5B-1C7C-40FC-AAC4-012DBDB554E4}
		{EC2CD3EE-9336-4A83-BCA6-481FFDC64E2A} = {8BD53747-8FFE-4919-B4E6-41F23D77E80A}
		{9A6CF352-6D3A-4CE1-8581-2F02038C3273} = {5AA9BAB6-3369-4752-B834-B6923B4A9ED0}
		{6BF3A4E3-1ADC-490D-9D51-0189A3460AFD} = {9D9EE6B5-6DA4-4E24-9BB2-A73B5B793C86}
		{3A8EAF98-646B-4E40-89F1-C22FD84EDE28} = {9D9EE6B5-6DA4-4E24-9BB2-A73B5B793C86}
		{9926E5F0-F5BC-48C4-B844-BD5155BE5647} = {9D9EE6B5-6DA4-4E24-9BB2-A73B5B793C86}
		{ED50B4A1-6E53-42E9-9C75-5587978280C6} = {5AA9BAB6-3369-4752-B834-B6923B4A9ED0}
	EndGlobalSection
	GlobalSection(Performance) = preSolution
		HasPerformanceSessions = true
	EndGlobalSection
	GlobalSection(Performance) = preSolution
		HasPerformanceSessions = true
	EndGlobalSection
EndGlobal
